
Microsoft Visual Studio Solution File, Format Version 12.00
# Visual Studio Version 17
VisualStudioVersion = 17.2.32630.192
MinimumVisualStudioVersion = 10.0.40219.1
Project("{9A19103F-16F7-4668-BE54-9A1E7A4F7556}") = "R5T.L0093.Construction", "R5T.L0093.Construction\R5T.L0093.Construction.csproj", "{637E8DA9-35F4-472D-B225-B5D2736491C6}"
EndProject
Project("{9A19103F-16F7-4668-BE54-9A1E7A4F7556}") = "R5T.L0093", "R5T.L0093\R5T.L0093.csproj", "{85301636-F284-4C95-87CD-E070CB4D8234}"
EndProject
Project("{9A19103F-16F7-4668-BE54-9A1E7A4F7556}") = "R5T.L0093.T000", "R5T.L0093.T000\R5T.L0093.T000.csproj", "{186CF9BC-FE14-4A71-AD58-3C884B8F7941}"
EndProject
Project("{2150E333-8FDC-42A3-9474-1A3956D46DE8}") = "_Dependencies", "_Dependencies", "{4931E84A-834A-4FAD-A688-F4ED83CA47CD}"
EndProject
Project("{9A19103F-16F7-4668-BE54-9A1E7A4F7556}") = "R5T.F0000", "..\..\R5T.F0000\source\R5T.F0000\R5T.F0000.csproj", "{012E8A8F-D690-4A9E-96BA-28B097B62698}"
EndProject
Project("{9A19103F-16F7-4668-BE54-9A1E7A4F7556}") = "R5T.F0002", "..\..\R5T.F0002\source\R5T.F0002\R5T.F0002.csproj", "{09758CC1-8B81-424E-A9ED-EC5E0D32AD2E}"
EndProject
Project("{9A19103F-16F7-4668-BE54-9A1E7A4F7556}") = "R5T.F0059", "..\..\R5T.F0059\source\R5T.F0059\R5T.F0059.csproj", "{EF0C1C0B-4BBB-4124-9BE7-A79A6784895A}"
EndProject
Project("{9A19103F-16F7-4668-BE54-9A1E7A4F7556}") = "R5T.F0120", "..\..\R5T.F0120\source\R5T.F0120\R5T.F0120.csproj", "{FCA30BEE-CB41-4F9B-8FC6-E1C949A69FE4}"
EndProject
Project("{9A19103F-16F7-4668-BE54-9A1E7A4F7556}") = "R5T.F0124", "..\..\R5T.F0124\source\R5T.F0124\R5T.F0124.csproj", "{F2EBA781-F25C-43BD-B1AF-E6D2A6461985}"
EndProject
Project("{9A19103F-16F7-4668-BE54-9A1E7A4F7556}") = "R5T.F0125", "..\..\R5T.F0125\source\R5T.F0125\R5T.F0125.csproj", "{F2757290-0A66-4730-81B4-6EEEDEB833E8}"
EndProject
Project("{9A19103F-16F7-4668-BE54-9A1E7A4F7556}") = "R5T.L0030.T000", "..\..\R5T.L0030\source\R5T.L0030.T000\R5T.L0030.T000.csproj", "{32FFDD4B-3C2E-4523-9D99-70865159B2CC}"
EndProject
Project("{9A19103F-16F7-4668-BE54-9A1E7A4F7556}") = "R5T.L0030", "..\..\R5T.L0030\source\R5T.L0030\R5T.L0030.csproj", "{DE3FD15B-1645-4778-A6F1-5DEB9A00435D}"
EndProject
Project("{9A19103F-16F7-4668-BE54-9A1E7A4F7556}") = "R5T.L0034", "..\..\R5T.L0034\source\R5T.L0034\R5T.L0034.csproj", "{88B4892F-C208-40CC-BBC4-EFEE230D6E2F}"
EndProject
Project("{9A19103F-16F7-4668-BE54-9A1E7A4F7556}") = "R5T.L0035", "..\..\R5T.L0035\source\R5T.L0035\R5T.L0035.csproj", "{C2C8ADC9-198E-457A-AEB4-8DFED2C1EAD2}"
EndProject
Project("{9A19103F-16F7-4668-BE54-9A1E7A4F7556}") = "R5T.L0053", "..\..\R5T.L0053\source\R5T.L0053\R5T.L0053.csproj", "{72BB9983-84A4-44EA-83DA-AF9EFE2CB29A}"
EndProject
Project("{9A19103F-16F7-4668-BE54-9A1E7A4F7556}") = "R5T.L0056", "..\..\R5T.L0056\source\R5T.L0056\R5T.L0056.csproj", "{270C0353-7BEE-4BF3-BEB0-58E200F03D14}"
EndProject
Project("{9A19103F-16F7-4668-BE54-9A1E7A4F7556}") = "R5T.L0066", "..\..\R5T.L0066\source\R5T.L0066\R5T.L0066.csproj", "{57735228-183D-49E6-B9C2-E15B88B01B5A}"
EndProject
Project("{9A19103F-16F7-4668-BE54-9A1E7A4F7556}") = "R5T.L0071", "..\..\R5T.L0071\source\R5T.L0071\R5T.L0071.csproj", "{4DE60329-F904-4587-AA28-9AB71D3BDD7A}"
EndProject
Project("{9A19103F-16F7-4668-BE54-9A1E7A4F7556}") = "R5T.L0074", "..\..\R5T.L0074\source\R5T.L0074\R5T.L0074.csproj", "{5F841B3D-00FD-4806-9675-2A29AACB02EC}"
EndProject
Project("{9A19103F-16F7-4668-BE54-9A1E7A4F7556}") = "R5T.L0089.F000", "..\..\R5T.L0089\source\R5T.L0089.F000\R5T.L0089.F000.csproj", "{523952D8-DEFC-4A01-AA68-46EBBAE54795}"
EndProject
Project("{9A19103F-16F7-4668-BE54-9A1E7A4F7556}") = "R5T.L0089.T000", "..\..\R5T.L0089\source\R5T.L0089.T000\R5T.L0089.T000.csproj", "{A3EF5F60-B3F5-44CA-9B44-C6F8AFADA69F}"
EndProject
Project("{9A19103F-16F7-4668-BE54-9A1E7A4F7556}") = "R5T.L0089", "..\..\R5T.L0089\source\R5T.L0089\R5T.L0089.csproj", "{97B56AC4-96F0-45AC-83A4-C137DC91D395}"
EndProject
Project("{9A19103F-16F7-4668-BE54-9A1E7A4F7556}") = "R5T.NG0006", "..\..\R5T.NG0006\source\R5T.NG0006\R5T.NG0006.csproj", "{0FDE70C8-E662-4A1A-AE7A-616AB86A7212}"
EndProject
Project("{9A19103F-16F7-4668-BE54-9A1E7A4F7556}") = "R5T.NG0022", "..\..\R5T.NG0022\source\R5T.NG0022\R5T.NG0022.csproj", "{162F46EC-3341-4A94-8CF4-D504169E8700}"
EndProject
Project("{9A19103F-16F7-4668-BE54-9A1E7A4F7556}") = "R5T.T0131", "..\..\R5T.T0131\source\R5T.T0131\R5T.T0131.csproj", "{EE971F4D-3FC0-48C1-8AB5-53E295857B5C}"
EndProject
Project("{9A19103F-16F7-4668-BE54-9A1E7A4F7556}") = "R5T.T0132", "..\..\R5T.T0132\source\R5T.T0132\R5T.T0132.csproj", "{0D9E7739-0E24-45F6-AC49-2043640C536E}"
EndProject
Project("{9A19103F-16F7-4668-BE54-9A1E7A4F7556}") = "R5T.T0142", "..\..\R5T.T0142\source\R5T.T0142\R5T.T0142.csproj", "{1C9ED24F-ACB1-45AD-8B51-F1DD5C1B89C6}"
EndProject
Project("{9A19103F-16F7-4668-BE54-9A1E7A4F7556}") = "R5T.T0143", "..\..\R5T.T0143\source\R5T.T0143\R5T.T0143.csproj", "{48B9282B-B8B6-42AA-B267-EA9D90201CA3}"
EndProject
Project("{9A19103F-16F7-4668-BE54-9A1E7A4F7556}") = "R5T.T0150", "..\..\R5T.T0150\source\R5T.T0150\R5T.T0150.csproj", "{421BC0BF-8FF3-4538-8D4D-045FA5B13DC0}"
EndProject
Project("{9A19103F-16F7-4668-BE54-9A1E7A4F7556}") = "R5T.T0151", "..\..\R5T.T0151\source\R5T.T0151\R5T.T0151.csproj", "{39B00AB7-2B5F-4777-836E-7DE900A8D44C}"
EndProject
Project("{9A19103F-16F7-4668-BE54-9A1E7A4F7556}") = "R5T.T0156", "..\..\R5T.T0156\source\R5T.T0156\R5T.T0156.csproj", "{0A8AE691-9856-4FF4-AF83-3C2C4333B461}"
EndProject
Project("{9A19103F-16F7-4668-BE54-9A1E7A4F7556}") = "R5T.T0158", "..\..\R5T.T0158\source\R5T.T0158\R5T.T0158.csproj", "{A80CF86B-929A-48D3-B103-B8474F9D544E}"
EndProject
Project("{9A19103F-16F7-4668-BE54-9A1E7A4F7556}") = "R5T.T0159", "..\..\R5T.T0159\source\R5T.T0159\R5T.T0159.csproj", "{A8B96426-859B-420F-A435-E04601B4E63C}"
EndProject
Project("{9A19103F-16F7-4668-BE54-9A1E7A4F7556}") = "R5T.T0172", "..\..\R5T.T0172\source\R5T.T0172\R5T.T0172.csproj", "{AF0D3EFA-B129-4E93-AB27-52B8DA581F5A}"
EndProject
Project("{9A19103F-16F7-4668-BE54-9A1E7A4F7556}") = "R5T.T0174", "..\..\R5T.T0174\source\R5T.T0174\R5T.T0174.csproj", "{35C183B6-6B82-427C-A7FB-F8DAF4976D6D}"
EndProject
Project("{9A19103F-16F7-4668-BE54-9A1E7A4F7556}") = "R5T.T0176", "..\..\R5T.T0176\source\R5T.T0176\R5T.T0176.csproj", "{89DF3A99-746A-4DA7-A883-CB790DB75466}"
EndProject
Project("{9A19103F-16F7-4668-BE54-9A1E7A4F7556}") = "R5T.T0177", "..\..\R5T.T0177\source\R5T.T0177\R5T.T0177.csproj", "{61DE62A2-3F61-4C8A-A2FD-896A8AF1A0F3}"
EndProject
Project("{9A19103F-16F7-4668-BE54-9A1E7A4F7556}") = "R5T.T0178", "..\..\R5T.T0178\source\R5T.T0178\R5T.T0178.csproj", "{CED0019C-6DE8-44B5-BE24-B50FAD17F463}"
EndProject
Project("{9A19103F-16F7-4668-BE54-9A1E7A4F7556}") = "R5T.T0179", "..\..\R5T.T0179\source\R5T.T0179\R5T.T0179.csproj", "{4E2259FA-4D51-45BE-BB60-DA484F5B1D74}"
EndProject
Project("{9A19103F-16F7-4668-BE54-9A1E7A4F7556}") = "R5T.T0180", "..\..\R5T.T0180\source\R5T.T0180\R5T.T0180.csproj", "{EAA32AD7-899C-4E82-B400-D4A904FB3C8B}"
EndProject
Project("{9A19103F-16F7-4668-BE54-9A1E7A4F7556}") = "R5T.T0181", "..\..\R5T.T0181\source\R5T.T0181\R5T.T0181.csproj", "{C276D4A7-BC09-4705-BFC9-AFDD5E8A7A69}"
EndProject
Project("{9A19103F-16F7-4668-BE54-9A1E7A4F7556}") = "R5T.T0185", "..\..\R5T.T0185\source\R5T.T0185\R5T.T0185.csproj", "{A7E3C279-1792-4C47-BD33-474BE0D36688}"
EndProject
Project("{9A19103F-16F7-4668-BE54-9A1E7A4F7556}") = "R5T.T0199.T000", "..\..\R5T.T0199\source\R5T.T0199.T000\R5T.T0199.T000.csproj", "{CC1A1E3C-DAC7-4B42-A2BB-AF60F7F77371}"
EndProject
Project("{9A19103F-16F7-4668-BE54-9A1E7A4F7556}") = "R5T.T0199.T001", "..\..\R5T.T0199\source\R5T.T0199.T001\R5T.T0199.T001.csproj", "{C2FBC303-1F74-456C-AD18-61480A9CB4E4}"
EndProject
Project("{9A19103F-16F7-4668-BE54-9A1E7A4F7556}") = "R5T.T0199", "..\..\R5T.T0199\source\R5T.T0199\R5T.T0199.csproj", "{1284FB33-E518-4A07-9306-FBD7C30FF215}"
EndProject
Project("{9A19103F-16F7-4668-BE54-9A1E7A4F7556}") = "R5T.T0203", "..\..\R5T.T0203\source\R5T.T0203\R5T.T0203.csproj", "{197B723A-0730-4F25-9897-48EDAB9F86C7}"
EndProject
Project("{9A19103F-16F7-4668-BE54-9A1E7A4F7556}") = "R5T.T0213", "..\..\R5T.T0213\source\R5T.T0213\R5T.T0213.csproj", "{54E34785-10B2-4D66-9D57-E5032B118417}"
EndProject
Project("{9A19103F-16F7-4668-BE54-9A1E7A4F7556}") = "R5T.T0218", "..\..\R5T.T0218\source\R5T.T0218\R5T.T0218.csproj", "{5F92ED4D-4529-405E-B298-34849DD6C4D2}"
EndProject
Project("{9A19103F-16F7-4668-BE54-9A1E7A4F7556}") = "R5T.T0219", "..\..\R5T.T0219\source\R5T.T0219\R5T.T0219.csproj", "{98C252F3-DAC4-4F02-92B4-79C50C96C4DD}"
EndProject
Project("{9A19103F-16F7-4668-BE54-9A1E7A4F7556}") = "R5T.T0220", "..\..\R5T.T0220\source\R5T.T0220\R5T.T0220.csproj", "{891BDBC4-0D0B-46FF-A511-CEEBE4CF2C39}"
EndProject
Project("{9A19103F-16F7-4668-BE54-9A1E7A4F7556}") = "R5T.T0221", "..\..\R5T.T0221\source\R5T.T0221\R5T.T0221.csproj", "{1FB331D8-C612-47A1-A21E-3426BE39837E}"
EndProject
Project("{9A19103F-16F7-4668-BE54-9A1E7A4F7556}") = "R5T.T0227", "..\..\R5T.T0227\source\R5T.T0227\R5T.T0227.csproj", "{1A07310B-D011-4EF8-B259-B14A69EB58BF}"
EndProject
Project("{9A19103F-16F7-4668-BE54-9A1E7A4F7556}") = "R5T.Y0000", "..\..\R5T.Y0000\source\R5T.Y0000\R5T.Y0000.csproj", "{9EBEF455-E6E8-4EB7-B44B-E2DF52B57410}"
EndProject
Project("{9A19103F-16F7-4668-BE54-9A1E7A4F7556}") = "R5T.Y0006", "..\..\R5T.Y0006\source\R5T.Y0006\R5T.Y0006.csproj", "{9F4B500C-D4D0-4967-87A6-82DAD26415AB}"
EndProject
Project("{9A19103F-16F7-4668-BE54-9A1E7A4F7556}") = "R5T.Z0000", "..\..\R5T.Z0000\source\R5T.Z0000\R5T.Z0000.csproj", "{3FC889B3-75A0-49A8-8262-FD10F84D839C}"
EndProject
Project("{9A19103F-16F7-4668-BE54-9A1E7A4F7556}") = "R5T.Z0010.Platform", "..\..\R5T.Z0010\source\R5T.Z0010.Platform\R5T.Z0010.Platform.csproj", "{8651470A-5B34-4FFB-99AE-943686D43272}"
EndProject
Project("{9A19103F-16F7-4668-BE54-9A1E7A4F7556}") = "R5T.Z0010", "..\..\R5T.Z0010\source\R5T.Z0010\R5T.Z0010.csproj", "{7909B5AB-F08A-4BEA-ADDB-83A8C2EB2562}"
EndProject
Project("{9A19103F-16F7-4668-BE54-9A1E7A4F7556}") = "R5T.Z0057.Platform", "..\..\R5T.Z0057\source\R5T.Z0057.Platform\R5T.Z0057.Platform.csproj", "{B67E75C6-EBAC-4D1F-8246-F794B6301C27}"
EndProject
Project("{9A19103F-16F7-4668-BE54-9A1E7A4F7556}") = "R5T.Z0057", "..\..\R5T.Z0057\source\R5T.Z0057\R5T.Z0057.csproj", "{C2B46A4C-C739-4541-A8E4-88E2C608D213}"
EndProject
Project("{9A19103F-16F7-4668-BE54-9A1E7A4F7556}") = "R5T.Z0058", "..\..\R5T.Z0058\source\R5T.Z0058\R5T.Z0058.csproj", "{D190B0DF-912E-4887-962F-D1B0628B66F3}"
EndProject
Project("{9A19103F-16F7-4668-BE54-9A1E7A4F7556}") = "R5T.L0093.O000", "R5T.L0093.O000\R5T.L0093.O000.csproj", "{8581B24C-6638-49F2-A262-0E6F3EA7AB9A}"
EndProject
Project("{9A19103F-16F7-4668-BE54-9A1E7A4F7556}") = "R5T.T0240", "..\..\R5T.T0240\source\R5T.T0240\R5T.T0240.csproj", "{BFEBA295-81DD-4815-9717-36C4B7A3571C}"
EndProject
Project("{9A19103F-16F7-4668-BE54-9A1E7A4F7556}") = "R5T.T0241", "..\..\R5T.T0241\source\R5T.T0241\R5T.T0241.csproj", "{AB65E98E-336C-462B-9D67-A5314BD14F81}"
EndProject
Global
	GlobalSection(NestedProjects) = preSolution
		{012E8A8F-D690-4A9E-96BA-28B097B62698} = {4931E84A-834A-4FAD-A688-F4ED83CA47CD}
		{09758CC1-8B81-424E-A9ED-EC5E0D32AD2E} = {4931E84A-834A-4FAD-A688-F4ED83CA47CD}
		{EF0C1C0B-4BBB-4124-9BE7-A79A6784895A} = {4931E84A-834A-4FAD-A688-F4ED83CA47CD}
		{FCA30BEE-CB41-4F9B-8FC6-E1C949A69FE4} = {4931E84A-834A-4FAD-A688-F4ED83CA47CD}
		{F2EBA781-F25C-43BD-B1AF-E6D2A6461985} = {4931E84A-834A-4FAD-A688-F4ED83CA47CD}
		{F2757290-0A66-4730-81B4-6EEEDEB833E8} = {4931E84A-834A-4FAD-A688-F4ED83CA47CD}
		{32FFDD4B-3C2E-4523-9D99-70865159B2CC} = {4931E84A-834A-4FAD-A688-F4ED83CA47CD}
		{DE3FD15B-1645-4778-A6F1-5DEB9A00435D} = {4931E84A-834A-4FAD-A688-F4ED83CA47CD}
		{88B4892F-C208-40CC-BBC4-EFEE230D6E2F} = {4931E84A-834A-4FAD-A688-F4ED83CA47CD}
		{C2C8ADC9-198E-457A-AEB4-8DFED2C1EAD2} = {4931E84A-834A-4FAD-A688-F4ED83CA47CD}
		{72BB9983-84A4-44EA-83DA-AF9EFE2CB29A} = {4931E84A-834A-4FAD-A688-F4ED83CA47CD}
		{270C0353-7BEE-4BF3-BEB0-58E200F03D14} = {4931E84A-834A-4FAD-A688-F4ED83CA47CD}
		{57735228-183D-49E6-B9C2-E15B88B01B5A} = {4931E84A-834A-4FAD-A688-F4ED83CA47CD}
		{4DE60329-F904-4587-AA28-9AB71D3BDD7A} = {4931E84A-834A-4FAD-A688-F4ED83CA47CD}
		{5F841B3D-00FD-4806-9675-2A29AACB02EC} = {4931E84A-834A-4FAD-A688-F4ED83CA47CD}
		{523952D8-DEFC-4A01-AA68-46EBBAE54795} = {4931E84A-834A-4FAD-A688-F4ED83CA47CD}
		{A3EF5F60-B3F5-44CA-9B44-C6F8AFADA69F} = {4931E84A-834A-4FAD-A688-F4ED83CA47CD}
		{97B56AC4-96F0-45AC-83A4-C137DC91D395} = {4931E84A-834A-4FAD-A688-F4ED83CA47CD}
		{0FDE70C8-E662-4A1A-AE7A-616AB86A7212} = {4931E84A-834A-4FAD-A688-F4ED83CA47CD}
		{162F46EC-3341-4A94-8CF4-D504169E8700} = {4931E84A-834A-4FAD-A688-F4ED83CA47CD}
		{EE971F4D-3FC0-48C1-8AB5-53E295857B5C} = {4931E84A-834A-4FAD-A688-F4ED83CA47CD}
		{0D9E7739-0E24-45F6-AC49-2043640C536E} = {4931E84A-834A-4FAD-A688-F4ED83CA47CD}
		{1C9ED24F-ACB1-45AD-8B51-F1DD5C1B89C6} = {4931E84A-834A-4FAD-A688-F4ED83CA47CD}
		{48B9282B-B8B6-42AA-B267-EA9D90201CA3} = {4931E84A-834A-4FAD-A688-F4ED83CA47CD}
		{421BC0BF-8FF3-4538-8D4D-045FA5B13DC0} = {4931E84A-834A-4FAD-A688-F4ED83CA47CD}
		{39B00AB7-2B5F-4777-836E-7DE900A8D44C} = {4931E84A-834A-4FAD-A688-F4ED83CA47CD}
		{0A8AE691-9856-4FF4-AF83-3C2C4333B461} = {4931E84A-834A-4FAD-A688-F4ED83CA47CD}
		{A80CF86B-929A-48D3-B103-B8474F9D544E} = {4931E84A-834A-4FAD-A688-F4ED83CA47CD}
		{A8B96426-859B-420F-A435-E04601B4E63C} = {4931E84A-834A-4FAD-A688-F4ED83CA47CD}
		{AF0D3EFA-B129-4E93-AB27-52B8DA581F5A} = {4931E84A-834A-4FAD-A688-F4ED83CA47CD}
		{35C183B6-6B82-427C-A7FB-F8DAF4976D6D} = {4931E84A-834A-4FAD-A688-F4ED83CA47CD}
		{89DF3A99-746A-4DA7-A883-CB790DB75466} = {4931E84A-834A-4FAD-A688-F4ED83CA47CD}
		{61DE62A2-3F61-4C8A-A2FD-896A8AF1A0F3} = {4931E84A-834A-4FAD-A688-F4ED83CA47CD}
		{CED0019C-6DE8-44B5-BE24-B50FAD17F463} = {4931E84A-834A-4FAD-A688-F4ED83CA47CD}
		{4E2259FA-4D51-45BE-BB60-DA484F5B1D74} = {4931E84A-834A-4FAD-A688-F4ED83CA47CD}
		{EAA32AD7-899C-4E82-B400-D4A904FB3C8B} = {4931E84A-834A-4FAD-A688-F4ED83CA47CD}
		{C276D4A7-BC09-4705-BFC9-AFDD5E8A7A69} = {4931E84A-834A-4FAD-A688-F4ED83CA47CD}
		{A7E3C279-1792-4C47-BD33-474BE0D36688} = {4931E84A-834A-4FAD-A688-F4ED83CA47CD}
		{CC1A1E3C-DAC7-4B42-A2BB-AF60F7F77371} = {4931E84A-834A-4FAD-A688-F4ED83CA47CD}
		{C2FBC303-1F74-456C-AD18-61480A9CB4E4} = {4931E84A-834A-4FAD-A688-F4ED83CA47CD}
		{1284FB33-E518-4A07-9306-FBD7C30FF215} = {4931E84A-834A-4FAD-A688-F4ED83CA47CD}
		{197B723A-0730-4F25-9897-48EDAB9F86C7} = {4931E84A-834A-4FAD-A688-F4ED83CA47CD}
		{54E34785-10B2-4D66-9D57-E5032B118417} = {4931E84A-834A-4FAD-A688-F4ED83CA47CD}
		{5F92ED4D-4529-405E-B298-34849DD6C4D2} = {4931E84A-834A-4FAD-A688-F4ED83CA47CD}
		{98C252F3-DAC4-4F02-92B4-79C50C96C4DD} = {4931E84A-834A-4FAD-A688-F4ED83CA47CD}
		{891BDBC4-0D0B-46FF-A511-CEEBE4CF2C39} = {4931E84A-834A-4FAD-A688-F4ED83CA47CD}
		{1FB331D8-C612-47A1-A21E-3426BE39837E} = {4931E84A-834A-4FAD-A688-F4ED83CA47CD}
		{1A07310B-D011-4EF8-B259-B14A69EB58BF} = {4931E84A-834A-4FAD-A688-F4ED83CA47CD}
		{9EBEF455-E6E8-4EB7-B44B-E2DF52B57410} = {4931E84A-834A-4FAD-A688-F4ED83CA47CD}
		{9F4B500C-D4D0-4967-87A6-82DAD26415AB} = {4931E84A-834A-4FAD-A688-F4ED83CA47CD}
		{3FC889B3-75A0-49A8-8262-FD10F84D839C} = {4931E84A-834A-4FAD-A688-F4ED83CA47CD}
		{8651470A-5B34-4FFB-99AE-943686D43272} = {4931E84A-834A-4FAD-A688-F4ED83CA47CD}
		{7909B5AB-F08A-4BEA-ADDB-83A8C2EB2562} = {4931E84A-834A-4FAD-A688-F4ED83CA47CD}
		{B67E75C6-EBAC-4D1F-8246-F794B6301C27} = {4931E84A-834A-4FAD-A688-F4ED83CA47CD}
		{C2B46A4C-C739-4541-A8E4-88E2C608D213} = {4931E84A-834A-4FAD-A688-F4ED83CA47CD}
		{D190B0DF-912E-4887-962F-D1B0628B66F3} = {4931E84A-834A-4FAD-A688-F4ED83CA47CD}
		{BFEBA295-81DD-4815-9717-36C4B7A3571C} = {4931E84A-834A-4FAD-A688-F4ED83CA47CD}
		{AB65E98E-336C-462B-9D67-A5314BD14F81} = {4931E84A-834A-4FAD-A688-F4ED83CA47CD}
	EndGlobalSection
	GlobalSection(SolutionConfigurationPlatforms) = preSolution
		Debug|Any CPU = Debug|Any CPU
		Release|Any CPU = Release|Any CPU
	EndGlobalSection
	GlobalSection(ProjectConfigurationPlatforms) = postSolution
		{637E8DA9-35F4-472D-B225-B5D2736491C6}.Debug|Any CPU.ActiveCfg = Debug|Any CPU
		{637E8DA9-35F4-472D-B225-B5D2736491C6}.Debug|Any CPU.Build.0 = Debug|Any CPU
		{637E8DA9-35F4-472D-B225-B5D2736491C6}.Release|Any CPU.ActiveCfg = Release|Any CPU
		{637E8DA9-35F4-472D-B225-B5D2736491C6}.Release|Any CPU.Build.0 = Release|Any CPU
		{85301636-F284-4C95-87CD-E070CB4D8234}.Debug|Any CPU.ActiveCfg = Debug|Any CPU
		{85301636-F284-4C95-87CD-E070CB4D8234}.Debug|Any CPU.Build.0 = Debug|Any CPU
		{85301636-F284-4C95-87CD-E070CB4D8234}.Release|Any CPU.ActiveCfg = Release|Any CPU
		{85301636-F284-4C95-87CD-E070CB4D8234}.Release|Any CPU.Build.0 = Release|Any CPU
		{186CF9BC-FE14-4A71-AD58-3C884B8F7941}.Debug|Any CPU.ActiveCfg = Debug|Any CPU
		{186CF9BC-FE14-4A71-AD58-3C884B8F7941}.Debug|Any CPU.Build.0 = Debug|Any CPU
		{186CF9BC-FE14-4A71-AD58-3C884B8F7941}.Release|Any CPU.ActiveCfg = Release|Any CPU
		{186CF9BC-FE14-4A71-AD58-3C884B8F7941}.Release|Any CPU.Build.0 = Release|Any CPU
		{012E8A8F-D690-4A9E-96BA-28B097B62698}.Debug|Any CPU.ActiveCfg = Debug|Any CPU
		{012E8A8F-D690-4A9E-96BA-28B097B62698}.Debug|Any CPU.Build.0 = Debug|Any CPU
		{012E8A8F-D690-4A9E-96BA-28B097B62698}.Release|Any CPU.ActiveCfg = Release|Any CPU
		{012E8A8F-D690-4A9E-96BA-28B097B62698}.Release|Any CPU.Build.0 = Release|Any CPU
		{09758CC1-8B81-424E-A9ED-EC5E0D32AD2E}.Debug|Any CPU.ActiveCfg = Debug|Any CPU
		{09758CC1-8B81-424E-A9ED-EC5E0D32AD2E}.Debug|Any CPU.Build.0 = Debug|Any CPU
		{09758CC1-8B81-424E-A9ED-EC5E0D32AD2E}.Release|Any CPU.ActiveCfg = Release|Any CPU
		{09758CC1-8B81-424E-A9ED-EC5E0D32AD2E}.Release|Any CPU.Build.0 = Release|Any CPU
		{EF0C1C0B-4BBB-4124-9BE7-A79A6784895A}.Debug|Any CPU.ActiveCfg = Debug|Any CPU
		{EF0C1C0B-4BBB-4124-9BE7-A79A6784895A}.Debug|Any CPU.Build.0 = Debug|Any CPU
		{EF0C1C0B-4BBB-4124-9BE7-A79A6784895A}.Release|Any CPU.ActiveCfg = Release|Any CPU
		{EF0C1C0B-4BBB-4124-9BE7-A79A6784895A}.Release|Any CPU.Build.0 = Release|Any CPU
		{FCA30BEE-CB41-4F9B-8FC6-E1C949A69FE4}.Debug|Any CPU.ActiveCfg = Debug|Any CPU
		{FCA30BEE-CB41-4F9B-8FC6-E1C949A69FE4}.Debug|Any CPU.Build.0 = Debug|Any CPU
		{FCA30BEE-CB41-4F9B-8FC6-E1C949A69FE4}.Release|Any CPU.ActiveCfg = Release|Any CPU
		{FCA30BEE-CB41-4F9B-8FC6-E1C949A69FE4}.Release|Any CPU.Build.0 = Release|Any CPU
		{F2EBA781-F25C-43BD-B1AF-E6D2A6461985}.Debug|Any CPU.ActiveCfg = Debug|Any CPU
		{F2EBA781-F25C-43BD-B1AF-E6D2A6461985}.Debug|Any CPU.Build.0 = Debug|Any CPU
		{F2EBA781-F25C-43BD-B1AF-E6D2A6461985}.Release|Any CPU.ActiveCfg = Release|Any CPU
		{F2EBA781-F25C-43BD-B1AF-E6D2A6461985}.Release|Any CPU.Build.0 = Release|Any CPU
		{F2757290-0A66-4730-81B4-6EEEDEB833E8}.Debug|Any CPU.ActiveCfg = Debug|Any CPU
		{F2757290-0A66-4730-81B4-6EEEDEB833E8}.Debug|Any CPU.Build.0 = Debug|Any CPU
		{F2757290-0A66-4730-81B4-6EEEDEB833E8}.Release|Any CPU.ActiveCfg = Release|Any CPU
		{F2757290-0A66-4730-81B4-6EEEDEB833E8}.Release|Any CPU.Build.0 = Release|Any CPU
		{32FFDD4B-3C2E-4523-9D99-70865159B2CC}.Debug|Any CPU.ActiveCfg = Debug|Any CPU
		{32FFDD4B-3C2E-4523-9D99-70865159B2CC}.Debug|Any CPU.Build.0 = Debug|Any CPU
		{32FFDD4B-3C2E-4523-9D99-70865159B2CC}.Release|Any CPU.ActiveCfg = Release|Any CPU
		{32FFDD4B-3C2E-4523-9D99-70865159B2CC}.Release|Any CPU.Build.0 = Release|Any CPU
		{DE3FD15B-1645-4778-A6F1-5DEB9A00435D}.Debug|Any CPU.ActiveCfg = Debug|Any CPU
		{DE3FD15B-1645-4778-A6F1-5DEB9A00435D}.Debug|Any CPU.Build.0 = Debug|Any CPU
		{DE3FD15B-1645-4778-A6F1-5DEB9A00435D}.Release|Any CPU.ActiveCfg = Release|Any CPU
		{DE3FD15B-1645-4778-A6F1-5DEB9A00435D}.Release|Any CPU.Build.0 = Release|Any CPU
		{88B4892F-C208-40CC-BBC4-EFEE230D6E2F}.Debug|Any CPU.ActiveCfg = Debug|Any CPU
		{88B4892F-C208-40CC-BBC4-EFEE230D6E2F}.Debug|Any CPU.Build.0 = Debug|Any CPU
		{88B4892F-C208-40CC-BBC4-EFEE230D6E2F}.Release|Any CPU.ActiveCfg = Release|Any CPU
		{88B4892F-C208-40CC-BBC4-EFEE230D6E2F}.Release|Any CPU.Build.0 = Release|Any CPU
		{C2C8ADC9-198E-457A-AEB4-8DFED2C1EAD2}.Debug|Any CPU.ActiveCfg = Debug|Any CPU
		{C2C8ADC9-198E-457A-AEB4-8DFED2C1EAD2}.Debug|Any CPU.Build.0 = Debug|Any CPU
		{C2C8ADC9-198E-457A-AEB4-8DFED2C1EAD2}.Release|Any CPU.ActiveCfg = Release|Any CPU
		{C2C8ADC9-198E-457A-AEB4-8DFED2C1EAD2}.Release|Any CPU.Build.0 = Release|Any CPU
		{72BB9983-84A4-44EA-83DA-AF9EFE2CB29A}.Debug|Any CPU.ActiveCfg = Debug|Any CPU
		{72BB9983-84A4-44EA-83DA-AF9EFE2CB29A}.Debug|Any CPU.Build.0 = Debug|Any CPU
		{72BB9983-84A4-44EA-83DA-AF9EFE2CB29A}.Release|Any CPU.ActiveCfg = Release|Any CPU
		{72BB9983-84A4-44EA-83DA-AF9EFE2CB29A}.Release|Any CPU.Build.0 = Release|Any CPU
		{270C0353-7BEE-4BF3-BEB0-58E200F03D14}.Debug|Any CPU.ActiveCfg = Debug|Any CPU
		{270C0353-7BEE-4BF3-BEB0-58E200F03D14}.Debug|Any CPU.Build.0 = Debug|Any CPU
		{270C0353-7BEE-4BF3-BEB0-58E200F03D14}.Release|Any CPU.ActiveCfg = Release|Any CPU
		{270C0353-7BEE-4BF3-BEB0-58E200F03D14}.Release|Any CPU.Build.0 = Release|Any CPU
		{57735228-183D-49E6-B9C2-E15B88B01B5A}.Debug|Any CPU.ActiveCfg = Debug|Any CPU
		{57735228-183D-49E6-B9C2-E15B88B01B5A}.Debug|Any CPU.Build.0 = Debug|Any CPU
		{57735228-183D-49E6-B9C2-E15B88B01B5A}.Release|Any CPU.ActiveCfg = Release|Any CPU
		{57735228-183D-49E6-B9C2-E15B88B01B5A}.Release|Any CPU.Build.0 = Release|Any CPU
		{4DE60329-F904-4587-AA28-9AB71D3BDD7A}.Debug|Any CPU.ActiveCfg = Debug|Any CPU
		{4DE60329-F904-4587-AA28-9AB71D3BDD7A}.Debug|Any CPU.Build.0 = Debug|Any CPU
		{4DE60329-F904-4587-AA28-9AB71D3BDD7A}.Release|Any CPU.ActiveCfg = Release|Any CPU
		{4DE60329-F904-4587-AA28-9AB71D3BDD7A}.Release|Any CPU.Build.0 = Release|Any CPU
		{5F841B3D-00FD-4806-9675-2A29AACB02EC}.Debug|Any CPU.ActiveCfg = Debug|Any CPU
		{5F841B3D-00FD-4806-9675-2A29AACB02EC}.Debug|Any CPU.Build.0 = Debug|Any CPU
		{5F841B3D-00FD-4806-9675-2A29AACB02EC}.Release|Any CPU.ActiveCfg = Release|Any CPU
		{5F841B3D-00FD-4806-9675-2A29AACB02EC}.Release|Any CPU.Build.0 = Release|Any CPU
		{523952D8-DEFC-4A01-AA68-46EBBAE54795}.Debug|Any CPU.ActiveCfg = Debug|Any CPU
		{523952D8-DEFC-4A01-AA68-46EBBAE54795}.Debug|Any CPU.Build.0 = Debug|Any CPU
		{523952D8-DEFC-4A01-AA68-46EBBAE54795}.Release|Any CPU.ActiveCfg = Release|Any CPU
		{523952D8-DEFC-4A01-AA68-46EBBAE54795}.Release|Any CPU.Build.0 = Release|Any CPU
		{A3EF5F60-B3F5-44CA-9B44-C6F8AFADA69F}.Debug|Any CPU.ActiveCfg = Debug|Any CPU
		{A3EF5F60-B3F5-44CA-9B44-C6F8AFADA69F}.Debug|Any CPU.Build.0 = Debug|Any CPU
		{A3EF5F60-B3F5-44CA-9B44-C6F8AFADA69F}.Release|Any CPU.ActiveCfg = Release|Any CPU
		{A3EF5F60-B3F5-44CA-9B44-C6F8AFADA69F}.Release|Any CPU.Build.0 = Release|Any CPU
		{97B56AC4-96F0-45AC-83A4-C137DC91D395}.Debug|Any CPU.ActiveCfg = Debug|Any CPU
		{97B56AC4-96F0-45AC-83A4-C137DC91D395}.Debug|Any CPU.Build.0 = Debug|Any CPU
		{97B56AC4-96F0-45AC-83A4-C137DC91D395}.Release|Any CPU.ActiveCfg = Release|Any CPU
		{97B56AC4-96F0-45AC-83A4-C137DC91D395}.Release|Any CPU.Build.0 = Release|Any CPU
		{0FDE70C8-E662-4A1A-AE7A-616AB86A7212}.Debug|Any CPU.ActiveCfg = Debug|Any CPU
		{0FDE70C8-E662-4A1A-AE7A-616AB86A7212}.Debug|Any CPU.Build.0 = Debug|Any CPU
		{0FDE70C8-E662-4A1A-AE7A-616AB86A7212}.Release|Any CPU.ActiveCfg = Release|Any CPU
		{0FDE70C8-E662-4A1A-AE7A-616AB86A7212}.Release|Any CPU.Build.0 = Release|Any CPU
		{162F46EC-3341-4A94-8CF4-D504169E8700}.Debug|Any CPU.ActiveCfg = Debug|Any CPU
		{162F46EC-3341-4A94-8CF4-D504169E8700}.Debug|Any CPU.Build.0 = Debug|Any CPU
		{162F46EC-3341-4A94-8CF4-D504169E8700}.Release|Any CPU.ActiveCfg = Release|Any CPU
		{162F46EC-3341-4A94-8CF4-D504169E8700}.Release|Any CPU.Build.0 = Release|Any CPU
		{EE971F4D-3FC0-48C1-8AB5-53E295857B5C}.Debug|Any CPU.ActiveCfg = Debug|Any CPU
		{EE971F4D-3FC0-48C1-8AB5-53E295857B5C}.Debug|Any CPU.Build.0 = Debug|Any CPU
		{EE971F4D-3FC0-48C1-8AB5-53E295857B5C}.Release|Any CPU.ActiveCfg = Release|Any CPU
		{EE971F4D-3FC0-48C1-8AB5-53E295857B5C}.Release|Any CPU.Build.0 = Release|Any CPU
		{0D9E7739-0E24-45F6-AC49-2043640C536E}.Debug|Any CPU.ActiveCfg = Debug|Any CPU
		{0D9E7739-0E24-45F6-AC49-2043640C536E}.Debug|Any CPU.Build.0 = Debug|Any CPU
		{0D9E7739-0E24-45F6-AC49-2043640C536E}.Release|Any CPU.ActiveCfg = Release|Any CPU
		{0D9E7739-0E24-45F6-AC49-2043640C536E}.Release|Any CPU.Build.0 = Release|Any CPU
		{1C9ED24F-ACB1-45AD-8B51-F1DD5C1B89C6}.Debug|Any CPU.ActiveCfg = Debug|Any CPU
		{1C9ED24F-ACB1-45AD-8B51-F1DD5C1B89C6}.Debug|Any CPU.Build.0 = Debug|Any CPU
		{1C9ED24F-ACB1-45AD-8B51-F1DD5C1B89C6}.Release|Any CPU.ActiveCfg = Release|Any CPU
		{1C9ED24F-ACB1-45AD-8B51-F1DD5C1B89C6}.Release|Any CPU.Build.0 = Release|Any CPU
		{48B9282B-B8B6-42AA-B267-EA9D90201CA3}.Debug|Any CPU.ActiveCfg = Debug|Any CPU
		{48B9282B-B8B6-42AA-B267-EA9D90201CA3}.Debug|Any CPU.Build.0 = Debug|Any CPU
		{48B9282B-B8B6-42AA-B267-EA9D90201CA3}.Release|Any CPU.ActiveCfg = Release|Any CPU
		{48B9282B-B8B6-42AA-B267-EA9D90201CA3}.Release|Any CPU.Build.0 = Release|Any CPU
		{421BC0BF-8FF3-4538-8D4D-045FA5B13DC0}.Debug|Any CPU.ActiveCfg = Debug|Any CPU
		{421BC0BF-8FF3-4538-8D4D-045FA5B13DC0}.Debug|Any CPU.Build.0 = Debug|Any CPU
		{421BC0BF-8FF3-4538-8D4D-045FA5B13DC0}.Release|Any CPU.ActiveCfg = Release|Any CPU
		{421BC0BF-8FF3-4538-8D4D-045FA5B13DC0}.Release|Any CPU.Build.0 = Release|Any CPU
		{39B00AB7-2B5F-4777-836E-7DE900A8D44C}.Debug|Any CPU.ActiveCfg = Debug|Any CPU
		{39B00AB7-2B5F-4777-836E-7DE900A8D44C}.Debug|Any CPU.Build.0 = Debug|Any CPU
		{39B00AB7-2B5F-4777-836E-7DE900A8D44C}.Release|Any CPU.ActiveCfg = Release|Any CPU
		{39B00AB7-2B5F-4777-836E-7DE900A8D44C}.Release|Any CPU.Build.0 = Release|Any CPU
		{0A8AE691-9856-4FF4-AF83-3C2C4333B461}.Debug|Any CPU.ActiveCfg = Debug|Any CPU
		{0A8AE691-9856-4FF4-AF83-3C2C4333B461}.Debug|Any CPU.Build.0 = Debug|Any CPU
		{0A8AE691-9856-4FF4-AF83-3C2C4333B461}.Release|Any CPU.ActiveCfg = Release|Any CPU
		{0A8AE691-9856-4FF4-AF83-3C2C4333B461}.Release|Any CPU.Build.0 = Release|Any CPU
		{A80CF86B-929A-48D3-B103-B8474F9D544E}.Debug|Any CPU.ActiveCfg = Debug|Any CPU
		{A80CF86B-929A-48D3-B103-B8474F9D544E}.Debug|Any CPU.Build.0 = Debug|Any CPU
		{A80CF86B-929A-48D3-B103-B8474F9D544E}.Release|Any CPU.ActiveCfg = Release|Any CPU
		{A80CF86B-929A-48D3-B103-B8474F9D544E}.Release|Any CPU.Build.0 = Release|Any CPU
		{A8B96426-859B-420F-A435-E04601B4E63C}.Debug|Any CPU.ActiveCfg = Debug|Any CPU
		{A8B96426-859B-420F-A435-E04601B4E63C}.Debug|Any CPU.Build.0 = Debug|Any CPU
		{A8B96426-859B-420F-A435-E04601B4E63C}.Release|Any CPU.ActiveCfg = Release|Any CPU
		{A8B96426-859B-420F-A435-E04601B4E63C}.Release|Any CPU.Build.0 = Release|Any CPU
		{AF0D3EFA-B129-4E93-AB27-52B8DA581F5A}.Debug|Any CPU.ActiveCfg = Debug|Any CPU
		{AF0D3EFA-B129-4E93-AB27-52B8DA581F5A}.Debug|Any CPU.Build.0 = Debug|Any CPU
		{AF0D3EFA-B129-4E93-AB27-52B8DA581F5A}.Release|Any CPU.ActiveCfg = Release|Any CPU
		{AF0D3EFA-B129-4E93-AB27-52B8DA581F5A}.Release|Any CPU.Build.0 = Release|Any CPU
		{35C183B6-6B82-427C-A7FB-F8DAF4976D6D}.Debug|Any CPU.ActiveCfg = Debug|Any CPU
		{35C183B6-6B82-427C-A7FB-F8DAF4976D6D}.Debug|Any CPU.Build.0 = Debug|Any CPU
		{35C183B6-6B82-427C-A7FB-F8DAF4976D6D}.Release|Any CPU.ActiveCfg = Release|Any CPU
		{35C183B6-6B82-427C-A7FB-F8DAF4976D6D}.Release|Any CPU.Build.0 = Release|Any CPU
		{89DF3A99-746A-4DA7-A883-CB790DB75466}.Debug|Any CPU.ActiveCfg = Debug|Any CPU
		{89DF3A99-746A-4DA7-A883-CB790DB75466}.Debug|Any CPU.Build.0 = Debug|Any CPU
		{89DF3A99-746A-4DA7-A883-CB790DB75466}.Release|Any CPU.ActiveCfg = Release|Any CPU
		{89DF3A99-746A-4DA7-A883-CB790DB75466}.Release|Any CPU.Build.0 = Release|Any CPU
		{61DE62A2-3F61-4C8A-A2FD-896A8AF1A0F3}.Debug|Any CPU.ActiveCfg = Debug|Any CPU
		{61DE62A2-3F61-4C8A-A2FD-896A8AF1A0F3}.Debug|Any CPU.Build.0 = Debug|Any CPU
		{61DE62A2-3F61-4C8A-A2FD-896A8AF1A0F3}.Release|Any CPU.ActiveCfg = Release|Any CPU
		{61DE62A2-3F61-4C8A-A2FD-896A8AF1A0F3}.Release|Any CPU.Build.0 = Release|Any CPU
		{CED0019C-6DE8-44B5-BE24-B50FAD17F463}.Debug|Any CPU.ActiveCfg = Debug|Any CPU
		{CED0019C-6DE8-44B5-BE24-B50FAD17F463}.Debug|Any CPU.Build.0 = Debug|Any CPU
		{CED0019C-6DE8-44B5-BE24-B50FAD17F463}.Release|Any CPU.ActiveCfg = Release|Any CPU
		{CED0019C-6DE8-44B5-BE24-B50FAD17F463}.Release|Any CPU.Build.0 = Release|Any CPU
		{4E2259FA-4D51-45BE-BB60-DA484F5B1D74}.Debug|Any CPU.ActiveCfg = Debug|Any CPU
		{4E2259FA-4D51-45BE-BB60-DA484F5B1D74}.Debug|Any CPU.Build.0 = Debug|Any CPU
		{4E2259FA-4D51-45BE-BB60-DA484F5B1D74}.Release|Any CPU.ActiveCfg = Release|Any CPU
		{4E2259FA-4D51-45BE-BB60-DA484F5B1D74}.Release|Any CPU.Build.0 = Release|Any CPU
		{EAA32AD7-899C-4E82-B400-D4A904FB3C8B}.Debug|Any CPU.ActiveCfg = Debug|Any CPU
		{EAA32AD7-899C-4E82-B400-D4A904FB3C8B}.Debug|Any CPU.Build.0 = Debug|Any CPU
		{EAA32AD7-899C-4E82-B400-D4A904FB3C8B}.Release|Any CPU.ActiveCfg = Release|Any CPU
		{EAA32AD7-899C-4E82-B400-D4A904FB3C8B}.Release|Any CPU.Build.0 = Release|Any CPU
		{C276D4A7-BC09-4705-BFC9-AFDD5E8A7A69}.Debug|Any CPU.ActiveCfg = Debug|Any CPU
		{C276D4A7-BC09-4705-BFC9-AFDD5E8A7A69}.Debug|Any CPU.Build.0 = Debug|Any CPU
		{C276D4A7-BC09-4705-BFC9-AFDD5E8A7A69}.Release|Any CPU.ActiveCfg = Release|Any CPU
		{C276D4A7-BC09-4705-BFC9-AFDD5E8A7A69}.Release|Any CPU.Build.0 = Release|Any CPU
		{A7E3C279-1792-4C47-BD33-474BE0D36688}.Debug|Any CPU.ActiveCfg = Debug|Any CPU
		{A7E3C279-1792-4C47-BD33-474BE0D36688}.Debug|Any CPU.Build.0 = Debug|Any CPU
		{A7E3C279-1792-4C47-BD33-474BE0D36688}.Release|Any CPU.ActiveCfg = Release|Any CPU
		{A7E3C279-1792-4C47-BD33-474BE0D36688}.Release|Any CPU.Build.0 = Release|Any CPU
		{CC1A1E3C-DAC7-4B42-A2BB-AF60F7F77371}.Debug|Any CPU.ActiveCfg = Debug|Any CPU
		{CC1A1E3C-DAC7-4B42-A2BB-AF60F7F77371}.Debug|Any CPU.Build.0 = Debug|Any CPU
		{CC1A1E3C-DAC7-4B42-A2BB-AF60F7F77371}.Release|Any CPU.ActiveCfg = Release|Any CPU
		{CC1A1E3C-DAC7-4B42-A2BB-AF60F7F77371}.Release|Any CPU.Build.0 = Release|Any CPU
		{C2FBC303-1F74-456C-AD18-61480A9CB4E4}.Debug|Any CPU.ActiveCfg = Debug|Any CPU
		{C2FBC303-1F74-456C-AD18-61480A9CB4E4}.Debug|Any CPU.Build.0 = Debug|Any CPU
		{C2FBC303-1F74-456C-AD18-61480A9CB4E4}.Release|Any CPU.ActiveCfg = Release|Any CPU
		{C2FBC303-1F74-456C-AD18-61480A9CB4E4}.Release|Any CPU.Build.0 = Release|Any CPU
		{1284FB33-E518-4A07-9306-FBD7C30FF215}.Debug|Any CPU.ActiveCfg = Debug|Any CPU
		{1284FB33-E518-4A07-9306-FBD7C30FF215}.Debug|Any CPU.Build.0 = Debug|Any CPU
		{1284FB33-E518-4A07-9306-FBD7C30FF215}.Release|Any CPU.ActiveCfg = Release|Any CPU
		{1284FB33-E518-4A07-9306-FBD7C30FF215}.Release|Any CPU.Build.0 = Release|Any CPU
		{197B723A-0730-4F25-9897-48EDAB9F86C7}.Debug|Any CPU.ActiveCfg = Debug|Any CPU
		{197B723A-0730-4F25-9897-48EDAB9F86C7}.Debug|Any CPU.Build.0 = Debug|Any CPU
		{197B723A-0730-4F25-9897-48EDAB9F86C7}.Release|Any CPU.ActiveCfg = Release|Any CPU
		{197B723A-0730-4F25-9897-48EDAB9F86C7}.Release|Any CPU.Build.0 = Release|Any CPU
		{54E34785-10B2-4D66-9D57-E5032B118417}.Debug|Any CPU.ActiveCfg = Debug|Any CPU
		{54E34785-10B2-4D66-9D57-E5032B118417}.Debug|Any CPU.Build.0 = Debug|Any CPU
		{54E34785-10B2-4D66-9D57-E5032B118417}.Release|Any CPU.ActiveCfg = Release|Any CPU
		{54E34785-10B2-4D66-9D57-E5032B118417}.Release|Any CPU.Build.0 = Release|Any CPU
		{5F92ED4D-4529-405E-B298-34849DD6C4D2}.Debug|Any CPU.ActiveCfg = Debug|Any CPU
		{5F92ED4D-4529-405E-B298-34849DD6C4D2}.Debug|Any CPU.Build.0 = Debug|Any CPU
		{5F92ED4D-4529-405E-B298-34849DD6C4D2}.Release|Any CPU.ActiveCfg = Release|Any CPU
		{5F92ED4D-4529-405E-B298-34849DD6C4D2}.Release|Any CPU.Build.0 = Release|Any CPU
		{98C252F3-DAC4-4F02-92B4-79C50C96C4DD}.Debug|Any CPU.ActiveCfg = Debug|Any CPU
		{98C252F3-DAC4-4F02-92B4-79C50C96C4DD}.Debug|Any CPU.Build.0 = Debug|Any CPU
		{98C252F3-DAC4-4F02-92B4-79C50C96C4DD}.Release|Any CPU.ActiveCfg = Release|Any CPU
		{98C252F3-DAC4-4F02-92B4-79C50C96C4DD}.Release|Any CPU.Build.0 = Release|Any CPU
		{891BDBC4-0D0B-46FF-A511-CEEBE4CF2C39}.Debug|Any CPU.ActiveCfg = Debug|Any CPU
		{891BDBC4-0D0B-46FF-A511-CEEBE4CF2C39}.Debug|Any CPU.Build.0 = Debug|Any CPU
		{891BDBC4-0D0B-46FF-A511-CEEBE4CF2C39}.Release|Any CPU.ActiveCfg = Release|Any CPU
		{891BDBC4-0D0B-46FF-A511-CEEBE4CF2C39}.Release|Any CPU.Build.0 = Release|Any CPU
		{1FB331D8-C612-47A1-A21E-3426BE39837E}.Debug|Any CPU.ActiveCfg = Debug|Any CPU
		{1FB331D8-C612-47A1-A21E-3426BE39837E}.Debug|Any CPU.Build.0 = Debug|Any CPU
		{1FB331D8-C612-47A1-A21E-3426BE39837E}.Release|Any CPU.ActiveCfg = Release|Any CPU
		{1FB331D8-C612-47A1-A21E-3426BE39837E}.Release|Any CPU.Build.0 = Release|Any CPU
		{1A07310B-D011-4EF8-B259-B14A69EB58BF}.Debug|Any CPU.ActiveCfg = Debug|Any CPU
		{1A07310B-D011-4EF8-B259-B14A69EB58BF}.Debug|Any CPU.Build.0 = Debug|Any CPU
		{1A07310B-D011-4EF8-B259-B14A69EB58BF}.Release|Any CPU.ActiveCfg = Release|Any CPU
		{1A07310B-D011-4EF8-B259-B14A69EB58BF}.Release|Any CPU.Build.0 = Release|Any CPU
		{9EBEF455-E6E8-4EB7-B44B-E2DF52B57410}.Debug|Any CPU.ActiveCfg = Debug|Any CPU
		{9EBEF455-E6E8-4EB7-B44B-E2DF52B57410}.Debug|Any CPU.Build.0 = Debug|Any CPU
		{9EBEF455-E6E8-4EB7-B44B-E2DF52B57410}.Release|Any CPU.ActiveCfg = Release|Any CPU
		{9EBEF455-E6E8-4EB7-B44B-E2DF52B57410}.Release|Any CPU.Build.0 = Release|Any CPU
		{9F4B500C-D4D0-4967-87A6-82DAD26415AB}.Debug|Any CPU.ActiveCfg = Debug|Any CPU
		{9F4B500C-D4D0-4967-87A6-82DAD26415AB}.Debug|Any CPU.Build.0 = Debug|Any CPU
		{9F4B500C-D4D0-4967-87A6-82DAD26415AB}.Release|Any CPU.ActiveCfg = Release|Any CPU
		{9F4B500C-D4D0-4967-87A6-82DAD26415AB}.Release|Any CPU.Build.0 = Release|Any CPU
		{3FC889B3-75A0-49A8-8262-FD10F84D839C}.Debug|Any CPU.ActiveCfg = Debug|Any CPU
		{3FC889B3-75A0-49A8-8262-FD10F84D839C}.Debug|Any CPU.Build.0 = Debug|Any CPU
		{3FC889B3-75A0-49A8-8262-FD10F84D839C}.Release|Any CPU.ActiveCfg = Release|Any CPU
		{3FC889B3-75A0-49A8-8262-FD10F84D839C}.Release|Any CPU.Build.0 = Release|Any CPU
		{8651470A-5B34-4FFB-99AE-943686D43272}.Debug|Any CPU.ActiveCfg = Debug|Any CPU
		{8651470A-5B34-4FFB-99AE-943686D43272}.Debug|Any CPU.Build.0 = Debug|Any CPU
		{8651470A-5B34-4FFB-99AE-943686D43272}.Release|Any CPU.ActiveCfg = Release|Any CPU
		{8651470A-5B34-4FFB-99AE-943686D43272}.Release|Any CPU.Build.0 = Release|Any CPU
		{7909B5AB-F08A-4BEA-ADDB-83A8C2EB2562}.Debug|Any CPU.ActiveCfg = Debug|Any CPU
		{7909B5AB-F08A-4BEA-ADDB-83A8C2EB2562}.Debug|Any CPU.Build.0 = Debug|Any CPU
		{7909B5AB-F08A-4BEA-ADDB-83A8C2EB2562}.Release|Any CPU.ActiveCfg = Release|Any CPU
		{7909B5AB-F08A-4BEA-ADDB-83A8C2EB2562}.Release|Any CPU.Build.0 = Release|Any CPU
		{B67E75C6-EBAC-4D1F-8246-F794B6301C27}.Debug|Any CPU.ActiveCfg = Debug|Any CPU
		{B67E75C6-EBAC-4D1F-8246-F794B6301C27}.Debug|Any CPU.Build.0 = Debug|Any CPU
		{B67E75C6-EBAC-4D1F-8246-F794B6301C27}.Release|Any CPU.ActiveCfg = Release|Any CPU
		{B67E75C6-EBAC-4D1F-8246-F794B6301C27}.Release|Any CPU.Build.0 = Release|Any CPU
		{C2B46A4C-C739-4541-A8E4-88E2C608D213}.Debug|Any CPU.ActiveCfg = Debug|Any CPU
		{C2B46A4C-C739-4541-A8E4-88E2C608D213}.Debug|Any CPU.Build.0 = Debug|Any CPU
		{C2B46A4C-C739-4541-A8E4-88E2C608D213}.Release|Any CPU.ActiveCfg = Release|Any CPU
		{C2B46A4C-C739-4541-A8E4-88E2C608D213}.Release|Any CPU.Build.0 = Release|Any CPU
		{D190B0DF-912E-4887-962F-D1B0628B66F3}.Debug|Any CPU.ActiveCfg = Debug|Any CPU
		{D190B0DF-912E-4887-962F-D1B0628B66F3}.Debug|Any CPU.Build.0 = Debug|Any CPU
		{D190B0DF-912E-4887-962F-D1B0628B66F3}.Release|Any CPU.ActiveCfg = Release|Any CPU
		{D190B0DF-912E-4887-962F-D1B0628B66F3}.Release|Any CPU.Build.0 = Release|Any CPU
		{8581B24C-6638-49F2-A262-0E6F3EA7AB9A}.Debug|Any CPU.ActiveCfg = Debug|Any CPU
		{8581B24C-6638-49F2-A262-0E6F3EA7AB9A}.Debug|Any CPU.Build.0 = Debug|Any CPU
		{8581B24C-6638-49F2-A262-0E6F3EA7AB9A}.Release|Any CPU.ActiveCfg = Release|Any CPU
		{8581B24C-6638-49F2-A262-0E6F3EA7AB9A}.Release|Any CPU.Build.0 = Release|Any CPU
		{BFEBA295-81DD-4815-9717-36C4B7A3571C}.Debug|Any CPU.ActiveCfg = Debug|Any CPU
		{BFEBA295-81DD-4815-9717-36C4B7A3571C}.Debug|Any CPU.Build.0 = Debug|Any CPU
		{BFEBA295-81DD-4815-9717-36C4B7A3571C}.Release|Any CPU.ActiveCfg = Release|Any CPU
		{BFEBA295-81DD-4815-9717-36C4B7A3571C}.Release|Any CPU.Build.0 = Release|Any CPU
		{AB65E98E-336C-462B-9D67-A5314BD14F81}.Debug|Any CPU.ActiveCfg = Debug|Any CPU
		{AB65E98E-336C-462B-9D67-A5314BD14F81}.Debug|Any CPU.Build.0 = Debug|Any CPU
		{AB65E98E-336C-462B-9D67-A5314BD14F81}.Release|Any CPU.ActiveCfg = Release|Any CPU
		{AB65E98E-336C-462B-9D67-A5314BD14F81}.Release|Any CPU.Build.0 = Release|Any CPU
	EndGlobalSection
	GlobalSection(SolutionProperties) = preSolution
		HideSolutionNode = FALSE
	EndGlobalSection
	GlobalSection(ExtensibilityGlobals) = postSolution
		SolutionGuid = {4A35ABDC-B241-4128-A4A3-640BB69D30B4}
	EndGlobalSection
EndGlobal
